# This file was autogenerated by Stack.
# You should not edit this file by hand.
# For more information, please see the documentation at:
#   https://docs.haskellstack.org/en/stable/lock_files

packages:
- completed:
    hackage: recursion-2.2.5.0@sha256:e8cdea87fd49acbbb48da27f59569b8afa9991a72f6fe69094c624d180cd1b9e,1669
    pantry-tree:
      sha256: d2037e45ec06283ba930dc788b76b566f5d1980a02c5a0e13bf86f7be03286ac
      size: 395
  original:
    hackage: recursion-2.2.5.0
- completed:
    hackage: memoize-1.1.2@sha256:d7701b55ed63434d1e8b507d0a76bb58f2fe31b7ce329132e1ca808c7001da49,1928
    pantry-tree:
      sha256: 8c99f1a87a270c8b8fb2238a0a94b346a986cb502753162dab909ed8b2ff44ad
      size: 687
  original:
    hackage: memoize-1.1.2
- completed:
    hackage: smtp-mail-0.4.0.0@sha256:cabcf06e2b141c00afb14859ee577a5ffcbb7b32a878ef6c26256798f91dafde,1307
    pantry-tree:
      sha256: bfe9576d913ce15a39b713f20dfc1656686d00a8e58fac8f325c600f44ba658a
      size: 450
  original:
    hackage: smtp-mail-0.4.0.0
snapshots:
- completed:
    sha256: 28a863b358647f2d952fe7085ba11561aeb63eca6bc6fd1ce8fcf1cfe63717f5
    size: 719127
    url: https://raw.githubusercontent.com/commercialhaskell/stackage-snapshots/master/lts/22/24.yaml
  original: lts-22.24
